
Microsoft Visual Studio Solution File, Format Version 12.00
# Visual Studio Version 17
VisualStudioVersion = 17.2.32602.215
MinimumVisualStudioVersion = 10.0.40219.1
Project("{FAE04EC0-301F-11D3-BF4B-00C04F79EFBC}") = "CMPG323-PROJECT2-APIs", "CMPG323-PROJECT2-APIs.csproj", "{56AC3762-5D38-4388-A10B-1FF36F7A5617}"
EndProject
Global
	GlobalSection(SolutionConfigurationPlatforms) = preSolution
		Debug|Any CPU = Debug|Any CPU
		Release|Any CPU = Release|Any CPU
	EndGlobalSection
	GlobalSection(ProjectConfigurationPlatforms) = postSolution
		{56AC3762-5D38-4388-A10B-1FF36F7A5617}.Debug|Any CPU.ActiveCfg = Debug|Any CPU
		{56AC3762-5D38-4388-A10B-1FF36F7A5617}.Debug|Any CPU.Build.0 = Debug|Any CPU
		{56AC3762-5D38-4388-A10B-1FF36F7A5617}.Release|Any CPU.ActiveCfg = Release|Any CPU
		{56AC3762-5D38-4388-A10B-1FF36F7A5617}.Release|Any CPU.Build.0 = Release|Any CPU
	EndGlobalSection
	GlobalSection(SolutionProperties) = preSolution
		HideSolutionNode = FALSE
	EndGlobalSection
	GlobalSection(ExtensibilityGlobals) = postSolution
		SolutionGuid = {D17B0BD1-0273-43F8-B01D-624FDAB53D21}
	EndGlobalSection
EndGlobal
